<?xml version="1.0" encoding="utf-8"?>
<Project ToolsVersion="4.0" xmlns="http://schemas.microsoft.com/developer/msbuild/2003">
  <ItemGroup>
    <Filter Include="Source Files">
      <UniqueIdentifier>{4FC737F1-C7A5-4376-A066-2A32D752A2FF}</UniqueIdentifier>
      <Extensions>cpp;c;cc;cxx;def;odl;idl;hpj;bat;asm;asmx</Extensions>
    </Filter>
    <Filter Include="Header Files">
      <UniqueIdentifier>{93995380-89BD-4b04-88EB-625FBE52EBFB}</UniqueIdentifier>
      <Extensions>h;hpp;hxx;hm;inl;inc;xsd</Extensions>
    </Filter>
    <Filter Include="Resource Files">
      <UniqueIdentifier>{67DA6AB6-F800-4c08-8B7A-83BB121AAD01}</UniqueIdentifier>
      <Extensions>rc;ico;cur;bmp;dlg;rc2;rct;bin;rgs;gif;jpg;jpeg;jpe;resx;tiff;tif;png;wav</Extensions>
    </Filter>
    <Filter Include="Generated Files">
      <UniqueIdentifier>{affc5b7c-90f9-49df-b072-f83c98c2b13f}</UniqueIdentifier>
      <SourceControlFiles>False</SourceControlFiles>
    </Filter>
    <Filter Include="IFace">
      <UniqueIdentifier>{e2a82868-3398-466a-8c7c-b088935b8974}</UniqueIdentifier>
    </Filter>
  </ItemGroup>
  <ItemGroup>
    <ClCompile Include="dllmain.cpp">
      <Filter>Source Files</Filter>
    </ClCompile>
    <ClCompile Include="PGSuperScriptingAgent.cpp">
      <Filter>Source Files</Filter>
    </ClCompile>
    <ClCompile Include="PGSuperScriptingAgentImp.cpp">
      <Filter>Source Files</Filter>
    </ClCompile>
    <ClCompile Include="stdafx.cpp">
      <Filter>Source Files</Filter>
    </ClCompile>
    <ClCompile Include="ScintillaCtrl.cpp">
      <Filter>Source Files</Filter>
    </ClCompile>
    <ClCompile Include="ScintillaDocView.cpp">
      <Filter>Source Files</Filter>
    </ClCompile>
    <ClCompile Include="Bindings.cpp">
      <Filter>Source Files</Filter>
    </ClCompile>
    <ClCompile Include="PyViews.cpp">
      <Filter>Source Files</Filter>
    </ClCompile>
    <ClCompile Include="PyProjectProperties.cpp">
      <Filter>Source Files</Filter>
    </ClCompile>
    <ClCompile Include="PyEditorFrame.cpp">
      <Filter>Source Files</Filter>
    </ClCompile>
    <ClCompile Include="PyEditorView.cpp">
      <Filter>Source Files</Filter>
    </ClCompile>
    <ClCompile Include="PyEditorDoc.cpp">
      <Filter>Source Files</Filter>
    </ClCompile>
    <ClCompile Include="PyEditorDocTemplate.cpp">
      <Filter>Source Files</Filter>
    </ClCompile>
    <ClCompile Include="PyGraphManager.cpp">
      <Filter>Source Files</Filter>
    </ClCompile>
    <ClCompile Include="ScriptingCommandLineInfo.cpp">
      <Filter>Source Files</Filter>
    </ClCompile>
    <ClCompile Include="MacroDlg.cpp">
      <Filter>Source Files</Filter>
    </ClCompile>
    <ClCompile Include="PyScriptEngine.cpp">
      <Filter>Source Files</Filter>
    </ClCompile>
    <ClCompile Include="PyEnvironment.cpp">
      <Filter>Source Files</Filter>
    </ClCompile>
    <ClCompile Include="PyRoadway.cpp">
      <Filter>Source Files</Filter>
    </ClCompile>
    <ClCompile Include="PyLoadModifiers.cpp">
      <Filter>Source Files</Filter>
    </ClCompile>
    <ClCompile Include="PyReportManager.cpp">
      <Filter>Source Files</Filter>
    </ClCompile>
    <ClCompile Include="PyBridgeModelView.cpp">
      <Filter>Source Files</Filter>
    </ClCompile>
    <ClCompile Include="PyViewControllerBase.cpp">
      <Filter>Source Files</Filter>
    </ClCompile>
    <ClCompile Include="PyGirderModelView.cpp">
      <Filter>Source Files</Filter>
    </ClCompile>
    <ClCompile Include="PyLoadsView.cpp">
      <Filter>Source Files</Filter>
    </ClCompile>
    <ClCompile Include="PyStabilityGraphViewController.cpp">
      <Filter>Source Files</Filter>
    </ClCompile>
    <ClCompile Include="PyEffectivePrestressGraphViewController.cpp">
      <Filter>Source Files</Filter>
    </ClCompile>
    <ClCompile Include="PyConcretePropertiesGraphViewController.cpp">
      <Filter>Source Files</Filter>
    </ClCompile>
    <ClCompile Include="PyDeflectionHistoryGraphViewController.cpp">
      <Filter>Source Files</Filter>
    </ClCompile>
    <ClCompile Include="PyStressHistoryGraphViewController.cpp">
      <Filter>Source Files</Filter>
    </ClCompile>
    <ClCompile Include="PyAnalysisResultsGraphViewController.cpp">
      <Filter>Source Files</Filter>
    </ClCompile>
    <ClCompile Include="PyPGSuperTypes.cpp">
      <Filter>Source Files</Filter>
    </ClCompile>
    <ClCompile Include="PyViewTypes.cpp">
      <Filter>Source Files</Filter>
    </ClCompile>
    <ClCompile Include="PyGraphTypes.cpp">
      <Filter>Source Files</Filter>
    </ClCompile>
    <ClCompile Include="ExceptionHandlers.cpp">
      <Filter>Source Files</Filter>
    </ClCompile>
    <ClCompile Include="PyBridge.cpp">
      <Filter>Source Files</Filter>
    </ClCompile>
    <ClCompile Include="PyBridgeTypes.cpp">
      <Filter>Source Files</Filter>
    </ClCompile>
    <ClCompile Include="PyPointOfInterest.cpp">
      <Filter>Source Files</Filter>
    </ClCompile>
    <ClCompile Include="PyPointOfInterestTypes.cpp">
      <Filter>Source Files</Filter>
    </ClCompile>
    <ClCompile Include="PyGirderPropertiesGraphViewController.cpp">
      <Filter>Source Files</Filter>
    </ClCompile>
    <ClCompile Include="PyLimits.cpp">
      <Filter>Source Files</Filter>
    </ClCompile>
    <ClCompile Include="PyEffectiveFlangeWidth.cpp">
      <Filter>Source Files</Filter>
    </ClCompile>
    <ClCompile Include="PyLossParameters.cpp">
      <Filter>Source Files</Filter>
    </ClCompile>
    <ClCompile Include="Console.cpp">
      <Filter>Source Files</Filter>
    </ClCompile>
    <ClCompile Include="StreamEdit.cpp">
      <Filter>Source Files</Filter>
    </ClCompile>
    <ClCompile Include="PyIORedirector.cpp">
      <Filter>Source Files</Filter>
    </ClCompile>
    <ClCompile Include="GILManager.cpp">
      <Filter>Source Files</Filter>
    </ClCompile>
    <ClCompile Include="PyMomentCapacity.cpp">
      <Filter>Source Files</Filter>
    </ClCompile>
    <ClCompile Include="PySegmentAnalysisResultsGraphViewController.cpp">
      <Filter>Source Files</Filter>
    </ClCompile>
  </ItemGroup>
  <ItemGroup>
    <None Include="PGSuperScriptingExtension.rgs">
      <Filter>Resource Files</Filter>
    </None>
    <None Include="PGSuperScriptingAgent.rgs">
      <Filter>Resource Files</Filter>
    </None>
    <None Include="PGSuperScriptingExtension.def">
      <Filter>Source Files</Filter>
    </None>
  </ItemGroup>
  <ItemGroup>
    <ClInclude Include="dllmain.h">
      <Filter>Header Files</Filter>
    </ClInclude>
    <ClInclude Include="Resource.h">
      <Filter>Header Files</Filter>
    </ClInclude>
    <ClInclude Include="stdafx.h">
      <Filter>Header Files</Filter>
    </ClInclude>
    <ClInclude Include="PGSuperScriptingAgentImp.h">
      <Filter>Header Files</Filter>
    </ClInclude>
    <ClInclude Include="ScintillaCtrl.h">
      <Filter>Header Files</Filter>
    </ClInclude>
    <ClInclude Include="ScintillaDocView.h">
      <Filter>Header Files</Filter>
    </ClInclude>
    <ClInclude Include="Bindings.h">
      <Filter>Header Files</Filter>
    </ClInclude>
    <ClInclude Include="PyViews.h">
      <Filter>Header Files</Filter>
    </ClInclude>
    <ClInclude Include="PyProjectProperties.h">
      <Filter>Header Files</Filter>
    </ClInclude>
    <ClInclude Include="PyEditorFrame.h">
      <Filter>Header Files</Filter>
    </ClInclude>
    <ClInclude Include="PyEditorView.h">
      <Filter>Header Files</Filter>
    </ClInclude>
    <ClInclude Include="PyEditorDoc.h">
      <Filter>Header Files</Filter>
    </ClInclude>
    <ClInclude Include="PyEditorDocTemplate.h">
      <Filter>Header Files</Filter>
    </ClInclude>
    <ClInclude Include="PyGraphManager.h">
      <Filter>Header Files</Filter>
    </ClInclude>
    <ClInclude Include="ScriptingCommandLineInfo.h">
      <Filter>Header Files</Filter>
    </ClInclude>
    <ClInclude Include="MacroDlg.h">
      <Filter>Header Files</Filter>
    </ClInclude>
    <ClInclude Include="Scripting.h">
      <Filter>IFace</Filter>
    </ClInclude>
    <ClInclude Include="PyScriptEngine.h">
      <Filter>Header Files</Filter>
    </ClInclude>
    <ClInclude Include="PyEnvironment.h">
      <Filter>Header Files</Filter>
    </ClInclude>
    <ClInclude Include="PyRoadway.h">
      <Filter>Header Files</Filter>
    </ClInclude>
    <ClInclude Include="PyLoadModifiers.h">
      <Filter>Header Files</Filter>
    </ClInclude>
    <ClInclude Include="PyReportManager.h">
      <Filter>Header Files</Filter>
    </ClInclude>
    <ClInclude Include="PyBridgeModelView.h">
      <Filter>Header Files</Filter>
    </ClInclude>
    <ClInclude Include="PyViewControllerBase.h">
      <Filter>Header Files</Filter>
    </ClInclude>
    <ClInclude Include="PyGirderModelView.h">
      <Filter>Header Files</Filter>
    </ClInclude>
    <ClInclude Include="PyLoadsView.h">
      <Filter>Header Files</Filter>
    </ClInclude>
    <ClInclude Include="PyStabilityGraphViewController.h">
      <Filter>Header Files</Filter>
    </ClInclude>
    <ClInclude Include="PyEffectivePrestressGraphViewController.h">
      <Filter>Header Files</Filter>
    </ClInclude>
    <ClInclude Include="PyConcretePropertiesGraphViewController.h">
      <Filter>Header Files</Filter>
    </ClInclude>
    <ClInclude Include="PyDeflectionHistoryGraphViewController.h">
      <Filter>Header Files</Filter>
    </ClInclude>
    <ClInclude Include="PyStressHistoryGraphViewController.h">
      <Filter>Header Files</Filter>
    </ClInclude>
    <ClInclude Include="PyAnalysisResultsGraphViewController.h">
      <Filter>Header Files</Filter>
    </ClInclude>
    <ClInclude Include="PyPGSuperTypes.h">
      <Filter>Header Files</Filter>
    </ClInclude>
    <ClInclude Include="PyViewTypes.h">
      <Filter>Header Files</Filter>
    </ClInclude>
    <ClInclude Include="PyGraphTypes.h">
      <Filter>Header Files</Filter>
    </ClInclude>
    <ClInclude Include="ExceptionHandlers.h">
      <Filter>Header Files</Filter>
    </ClInclude>
    <ClInclude Include="PyBridge.h">
      <Filter>Header Files</Filter>
    </ClInclude>
    <ClInclude Include="PyBridgeTypes.h">
      <Filter>Header Files</Filter>
    </ClInclude>
    <ClInclude Include="PyPointOfInterest.h">
      <Filter>Header Files</Filter>
    </ClInclude>
    <ClInclude Include="PyPointOfInterestTypes.h">
      <Filter>Header Files</Filter>
    </ClInclude>
    <ClInclude Include="PyGirderPropertiesGraphViewController.h">
      <Filter>Header Files</Filter>
    </ClInclude>
    <ClInclude Include="PyLimits.h">
      <Filter>Header Files</Filter>
    </ClInclude>
    <ClInclude Include="PyEffectiveFlangeWidth.h">
      <Filter>Header Files</Filter>
    </ClInclude>
    <ClInclude Include="PyLossParameters.h">
      <Filter>Header Files</Filter>
    </ClInclude>
    <ClInclude Include="Console.h">
      <Filter>Header Files</Filter>
    </ClInclude>
    <ClInclude Include="StreamEdit.h">
      <Filter>Header Files</Filter>
    </ClInclude>
    <ClInclude Include="PyIORedirector.h">
      <Filter>Header Files</Filter>
    </ClInclude>
    <ClInclude Include="GILManager.h">
      <Filter>Header Files</Filter>
    </ClInclude>
    <ClInclude Include="PyMomentCapacity.h">
      <Filter>Header Files</Filter>
    </ClInclude>
    <ClInclude Include="PySegmentAnalysisResultsGraphViewController.h">
      <Filter>Header Files</Filter>
    </ClInclude>
  </ItemGroup>
  <ItemGroup>
    <ResourceCompile Include="PGSuperScriptingAgent.rc">
      <Filter>Resource Files</Filter>
    </ResourceCompile>
  </ItemGroup>
  <ItemGroup>
    <Image Include="logo.bmp">
      <Filter>Resource Files</Filter>
    </Image>
    <Image Include="toolbar.bmp">
      <Filter>Resource Files</Filter>
    </Image>
  </ItemGroup>
</Project>